
Microsoft Visual Studio Solution File, Format Version 12.00
# Visual Studio Version 17
VisualStudioVersion = 17.9.34622.214
MinimumVisualStudioVersion = 10.0.40219.1
Project("{FAE04EC0-301F-11D3-BF4B-00C04F79EFBC}") = "PoliziaMunicipale", "PoliziaMunicipale\PoliziaMunicipale.csproj", "{AAF8057E-6A92-4680-8E78-CCAACBF990F2}"
EndProject
Global
	GlobalSection(SolutionConfigurationPlatforms) = preSolution
		Debug|Any CPU = Debug|Any CPU
		Release|Any CPU = Release|Any CPU
	EndGlobalSection
	GlobalSection(ProjectConfigurationPlatforms) = postSolution
		{AAF8057E-6A92-4680-8E78-CCAACBF990F2}.Debug|Any CPU.ActiveCfg = Debug|Any CPU
		{AAF8057E-6A92-4680-8E78-CCAACBF990F2}.Debug|Any CPU.Build.0 = Debug|Any CPU
		{AAF8057E-6A92-4680-8E78-CCAACBF990F2}.Release|Any CPU.ActiveCfg = Release|Any CPU
		{AAF8057E-6A92-4680-8E78-CCAACBF990F2}.Release|Any CPU.Build.0 = Release|Any CPU
	EndGlobalSection
	GlobalSection(SolutionProperties) = preSolution
		HideSolutionNode = FALSE
	EndGlobalSection
	GlobalSection(ExtensibilityGlobals) = postSolution
		SolutionGuid = {7EE194EF-BEE8-4CFF-8473-354EA58154D9}
	EndGlobalSection
EndGlobal
